
Microsoft Visual Studio Solution File, Format Version 12.00
# Visual Studio Version 16
VisualStudioVersion = 16.0.30804.86
MinimumVisualStudioVersion = 10.0.40219.1
Project("{FAE04EC0-301F-11D3-BF4B-00C04F79EFBC}") = "FiveCommunity", "FiveCommunity\FiveCommunity.csproj", "{ACFF9A7C-1677-4853-A594-24BE357BD72C}"
EndProject
Project("{FAE04EC0-301F-11D3-BF4B-00C04F79EFBC}") = "FiveCore", "FiveCore\FiveCore.csproj", "{73D39F00-B981-4D71-900A-9E23588E6DD7}"
EndProject
Project("{FAE04EC0-301F-11D3-BF4B-00C04F79EFBC}") = "FiveCore.Test", "FiveCore.Test\FiveCore.Test.csproj", "{79468A31-6686-4D4A-929E-358B7B50875D}"
EndProject
Global
	GlobalSection(SolutionConfigurationPlatforms) = preSolution
		Debug|Any CPU = Debug|Any CPU
		Release|Any CPU = Release|Any CPU
	EndGlobalSection
	GlobalSection(ProjectConfigurationPlatforms) = postSolution
		{ACFF9A7C-1677-4853-A594-24BE357BD72C}.Debug|Any CPU.ActiveCfg = Debug|Any CPU
		{ACFF9A7C-1677-4853-A594-24BE357BD72C}.Debug|Any CPU.Build.0 = Debug|Any CPU
		{ACFF9A7C-1677-4853-A594-24BE357BD72C}.Release|Any CPU.ActiveCfg = Release|Any CPU
		{ACFF9A7C-1677-4853-A594-24BE357BD72C}.Release|Any CPU.Build.0 = Release|Any CPU
		{73D39F00-B981-4D71-900A-9E23588E6DD7}.Debug|Any CPU.ActiveCfg = Debug|Any CPU
		{73D39F00-B981-4D71-900A-9E23588E6DD7}.Debug|Any CPU.Build.0 = Debug|Any CPU
		{73D39F00-B981-4D71-900A-9E23588E6DD7}.Release|Any CPU.ActiveCfg = Release|Any CPU
		{73D39F00-B981-4D71-900A-9E23588E6DD7}.Release|Any CPU.Build.0 = Release|Any CPU
		{79468A31-6686-4D4A-929E-358B7B50875D}.Debug|Any CPU.ActiveCfg = Debug|Any CPU
		{79468A31-6686-4D4A-929E-358B7B50875D}.Debug|Any CPU.Build.0 = Debug|Any CPU
		{79468A31-6686-4D4A-929E-358B7B50875D}.Release|Any CPU.ActiveCfg = Release|Any CPU
		{79468A31-6686-4D4A-929E-358B7B50875D}.Release|Any CPU.Build.0 = Release|Any CPU
	EndGlobalSection
	GlobalSection(SolutionProperties) = preSolution
		HideSolutionNode = FALSE
	EndGlobalSection
	GlobalSection(ExtensibilityGlobals) = postSolution
		SolutionGuid = {1EDD2A83-0043-4B92-B6EB-4214190F2714}
	EndGlobalSection
EndGlobal
